
Microsoft Visual Studio Solution File, Format Version 11.00
# Visual Studio 2010
Project("{FAE04EC0-301F-11D3-BF4B-00C04F79EFBC}") = "NHentai-DL", "NHentai-DL\NHentai-DL.csproj", "{F52EC4AA-211F-4E65-AFE2-0DF21599FA5A}"
EndProject
Project("{2150E333-8FDC-42A3-9474-1A3956D46DE8}") = "Solution Items", "Solution Items", "{C572F4FA-6FFD-4F82-AA66-06A7FF6E0A59}"
	ProjectSection(SolutionItems) = preProject
		README.md = README.md
		Makefile = Makefile
		AUTHORS.md = AUTHORS.md
		ChangeLog.md = ChangeLog.md
		LICENSE.md = LICENSE.md
		NHentai-DL.nsi = NHentai-DL.nsi
		build.bat = build.bat
		nhentai-dl = nhentai-dl
		nhentai-dl.1 = nhentai-dl.1
	EndProjectSection
EndProject
Project("{FAE04EC0-301F-11D3-BF4B-00C04F79EFBC}") = "ExamplePlugin", "ExamplePlugin\ExamplePlugin.csproj", "{128D1C81-0BAB-4CFD-9C63-F631F042238C}"
EndProject
Global
	GlobalSection(SolutionConfigurationPlatforms) = preSolution
		Release|Any CPU = Release|Any CPU
		Debug|Any CPU = Debug|Any CPU
	EndGlobalSection
	GlobalSection(ProjectConfigurationPlatforms) = postSolution
		{128D1C81-0BAB-4CFD-9C63-F631F042238C}.Debug|Any CPU.ActiveCfg = Debug|Any CPU
		{128D1C81-0BAB-4CFD-9C63-F631F042238C}.Debug|Any CPU.Build.0 = Debug|Any CPU
		{128D1C81-0BAB-4CFD-9C63-F631F042238C}.Release|Any CPU.ActiveCfg = Release|Any CPU
		{F52EC4AA-211F-4E65-AFE2-0DF21599FA5A}.Debug|Any CPU.ActiveCfg = Debug|Any CPU
		{F52EC4AA-211F-4E65-AFE2-0DF21599FA5A}.Debug|Any CPU.Build.0 = Debug|Any CPU
		{F52EC4AA-211F-4E65-AFE2-0DF21599FA5A}.Release|Any CPU.ActiveCfg = Release|Any CPU
		{F52EC4AA-211F-4E65-AFE2-0DF21599FA5A}.Release|Any CPU.Build.0 = Release|Any CPU
	EndGlobalSection
	GlobalSection(NestedProjects) = preSolution
	EndGlobalSection
	GlobalSection(MonoDevelopProperties) = preSolution
		StartupItem = NHentai-DL\NHentai-DL.csproj
	EndGlobalSection
EndGlobal
